PODS:
  - FBSnapshotTestCase (2.1.0):
    - FBSnapshotTestCase/SwiftSupport (= 2.1.0)
  - FBSnapshotTestCase/Core (2.1.0)
  - FBSnapshotTestCase/SwiftSupport (2.1.0):
    - FBSnapshotTestCase/Core
  - Nimble (4.0.0)
  - Nimble-Snapshots (4.0.1):
    - FBSnapshotTestCase (~> 2.0)
    - Nimble
    - Quick
  - Notify (0.2.0)
  - Quick (0.8.0)

DEPENDENCIES:
  - FBSnapshotTestCase
  - Nimble
  - Nimble-Snapshots
  - Notify (from `../`)
  - Quick (~> 0.8.0)

EXTERNAL SOURCES:
  Notify:
    :path: "../"

SPEC CHECKSUMS:
  FBSnapshotTestCase: 366ecd378511d7716c79991cd8067d1eed23578d
  Nimble: 72bcc3e2f02242e6bfaaf8d9412ca7bfe3d8b417
  Nimble-Snapshots: 2d15a585b816f7d14947ed6e172218f9d0980ea8
  Notify: 884021090521eedfff247465a37ff5a165031581
  Quick: 563d0f6ec5f72e394645adb377708639b7dd38ab

COCOAPODS: 0.39.0
